// !$*UTF8*$!
{
	archiveVersion = 1;
	classes = {
	};
	objectVersion = 50;
	objects = {

/* Begin PBXBuildFile section */
		55C1441720B8495E00E82ECD /* AppDelegate.m in Sources */ = {isa = PBXBuildFile; fileRef = 55C1441620B8495E00E82ECD /* AppDelegate.m */; };
		55C1441A20B8495E00E82ECD /* ViewController.m in Sources */ = {isa = PBXBuildFile; fileRef = 55C1441920B8495E00E82ECD /* ViewController.m */; };
		55C1441D20B8495E00E82ECD /* Main.storyboard in Resources */ = {isa = PBXBuildFile; fileRef = 55C1441B20B8495E00E82ECD /* Main.storyboard */; };
		55C1441F20B8495F00E82ECD /* Assets.xcassets in Resources */ = {isa = PBXBuildFile; fileRef = 55C1441E20B8495F00E82ECD /* Assets.xcassets */; };
		55C1442220B8495F00E82ECD /* LaunchScreen.storyboard in Resources */ = {isa = PBXBuildFile; fileRef = 55C1442020B8495F00E82ECD /* LaunchScreen.storyboard */; };
		55C1442520B8495F00E82ECD /* main.m in Sources */ = {isa = PBXBuildFile; fileRef = 55C1442420B8495F00E82ECD /* main.m */; };
		55C1442D20B84C1900E82ECD /* CustomActivityIndicator.m in Sources */ = {isa = PBXBuildFile; fileRef = 55C1442C20B84C1900E82ECD /* CustomActivityIndicator.m */; };
/* End PBXBuildFile section */

/* Begin PBXFileReference section */
		55C1441220B8495E00E82ECD /* CustomActivityIndicator.app */ = {isa = PBXFileReference; explicitFileType = wrapper.application; includeInIndex = 0; path = CustomActivityIndicator.app; sourceTree = BUILT_PRODUCTS_DIR; };
		55C1441520B8495E00E82ECD /* AppDelegate.h */ = {isa = PBXFileReference; lastKnownFileType = sourcecode.c.h; path = AppDelegate.h; sourceTree = "<group>"; };
		55C1441620B8495E00E82ECD /* AppDelegate.m */ = {isa = PBXFileReference; lastKnownFileType = sourcecode.c.objc; path = AppDelegate.m; sourceTree = "<group>"; };
		55C1441820B8495E00E82ECD /* ViewController.h */ = {isa = PBXFileReference; lastKnownFileType = sourcecode.c.h; path = ViewController.h; sourceTree = "<group>"; };
		55C1441920B8495E00E82ECD /* ViewController.m */ = {isa = PBXFileReference; lastKnownFileType = sourcecode.c.objc; path = ViewController.m; sourceTree = "<group>"; };
		55C1441C20B8495E00E82ECD /* Base */ = {isa = PBXFileReference; lastKnownFileType = file.storyboard; name = Base; path = Base.lproj/Main.storyboard; sourceTree = "<group>"; };
		55C1441E20B8495F00E82ECD /* Assets.xcassets */ = {isa = PBXFileReference; lastKnownFileType = folder.assetcatalog; path = Assets.xcassets; sourceTree = "<group>"; };
		55C1442120B8495F00E82ECD /* Base */ = {isa = PBXFileReference; lastKnownFileType = file.storyboard; name = Base; path = Base.lproj/LaunchScreen.storyboard; sourceTree = "<group>"; };
		55C1442320B8495F00E82ECD /* Info.plist */ = {isa = PBXFileReference; lastKnownFileType = text.plist.xml; path = Info.plist; sourceTree = "<group>"; };
		55C1442420B8495F00E82ECD /* main.m */ = {isa = PBXFileReference; lastKnownFileType = sourcecode.c.objc; path = main.m; sourceTree = "<group>"; };
		55C1442B20B84C0000E82ECD /* CustomActivityIndicator.h */ = {isa = PBXFileReference; lastKnownFileType = sourcecode.c.h; path = CustomActivityIndicator.h; sourceTree = "<group>"; };
		55C1442C20B84C1900E82ECD /* CustomActivityIndicator.m */ = {isa = PBXFileReference; lastKnownFileType = sourcecode.c.objc; path = CustomActivityIndicator.m; sourceTree = "<group>"; };
/* End PBXFileReference section */

/* Begin PBXFrameworksBuildPhase section */
		55C1440F20B8495E00E82ECD /* Frameworks */ = {
			isa = PBXFrameworksBuildPhase;
			buildActionMask = 2147483647;
			files = (
			);
			runOnlyForDeploymentPostprocessing = 0;
		};
/* End PBXFrameworksBuildPhase section */

/* Begin PBXGroup section */
		55C1440920B8495E00E82ECD = {
			isa = PBXGroup;
			children = (
				55C1441420B8495E00E82ECD /* CustomActivityIndicator */,
				55C1441320B8495E00E82ECD /* Products */,
			);
			sourceTree = "<group>";
		};
		55C1441320B8495E00E82ECD /* Products */ = {
			isa = PBXGroup;
			children = (
				55C1441220B8495E00E82ECD /* CustomActivityIndicator.app */,
			);
			name = Products;
			sourceTree = "<group>";
		};
		55C1441420B8495E00E82ECD /* CustomActivityIndicator */ = {
			isa = PBXGroup;
			children = (
				55C1441520B8495E00E82ECD /* AppDelegate.h */,
				55C1441620B8495E00E82ECD /* AppDelegate.m */,
				55C1441820B8495E00E82ECD /* ViewController.h */,
				55C1441920B8495E00E82ECD /* ViewController.m */,
				55C1441B20B8495E00E82ECD /* Main.storyboard */,
				55C1441E20B8495F00E82ECD /* Assets.xcassets */,
				55C1442020B8495F00E82ECD /* LaunchScreen.storyboard */,
				55C1442320B8495F00E82ECD /* Info.plist */,
				55C1442420B8495F00E82ECD /* main.m */,
				55C1442B20B84C0000E82ECD /* CustomActivityIndicator.h */,
				55C1442C20B84C1900E82ECD /* CustomActivityIndicator.m */,
			);
			path = CustomActivityIndicator;
			sourceTree = "<group>";
		};
/* End PBXGroup section */

/* Begin PBXNativeTarget section */
		55C1441120B8495E00E82ECD /* CustomActivityIndicator */ = {
			isa = PBXNativeTarget;
			buildConfigurationList = 55C1442820B8495F00E82ECD /* Build configuration list for PBXNativeTarget "CustomActivityIndicator" */;
			buildPhases = (
				55C1440E20B8495E00E82ECD /* Sources */,
				55C1440F20B8495E00E82ECD /* Frameworks */,
				55C1441020B8495E00E82ECD /* Resources */,
			);
			buildRules = (
			);
			dependencies = (
			);
			name = CustomActivityIndicator;
			productName = CustomActivityIndicator;
			productReference = 55C1441220B8495E00E82ECD /* CustomActivityIndicator.app */;
			productType = "com.apple.product-type.application";
		};
/* End PBXNativeTarget section */

/* Begin PBXProject section */
		55C1440A20B8495E00E82ECD /* Project object */ = {
			isa = PBXProject;
			attributes = {
				LastUpgradeCheck = 0930;
				ORGANIZATIONNAME = "High Tree Development";
				TargetAttributes = {
					55C1441120B8495E00E82ECD = {
						CreatedOnToolsVersion = 9.3.1;
					};
				};
			};
			buildConfigurationList = 55C1440D20B8495E00E82ECD /* Build configuration list for PBXProject "CustomActivityIndicator" */;
			compatibilityVersion = "Xcode 9.3";
			developmentRegion = en;
			hasScannedForEncodings = 0;
			knownRegions = (
				en,
				Base,
			);
			mainGroup = 55C1440920B8495E00E82ECD;
			productRefGroup = 55C1441320B8495E00E82ECD /* Products */;
			projectDirPath = "";
			projectRoot = "";
			targets = (
				55C1441120B8495E00E82ECD /* CustomActivityIndicator */,
			);
		};
/* End PBXProject section */

/* Begin PBXResourcesBuildPhase section */
		55C1441020B8495E00E82ECD /* Resources */ = {
			isa = PBXResourcesBuildPhase;
			buildActionMask = 2147483647;
			files = (
				55C1442220B8495F00E82ECD /* LaunchScreen.storyboard in Resources */,
				55C1441F20B8495F00E82ECD /* Assets.xcassets in Resources */,
				55C1441D20B8495E00E82ECD /* Main.storyboard in Resources */,
			);
			runOnlyForDeploymentPostprocessing = 0;
		};
/* End PBXResourcesBuildPhase section */

/* Begin PBXSourcesBuildPhase section */
		55C1440E20B8495E00E82ECD /* Sources */ = {
			isa = PBXSourcesBuildPhase;
			buildActionMask = 2147483647;
			files = (
				55C1441A20B8495E00E82ECD /* ViewController.m in Sources */,
				55C1442D20B84C1900E82ECD /* CustomActivityIndicator.m in Sources */,
				55C1442520B8495F00E82ECD /* main.m in Sources */,
				55C1441720B8495E00E82ECD /* AppDelegate.m in Sources */,
			);
			runOnlyForDeploymentPostprocessing = 0;
		};
/* End PBXSourcesBuildPhase section */

/* Begin PBXVariantGroup section */
		55C1441B20B8495E00E82ECD /* Main.storyboard */ = {
			isa = PBXVariantGroup;
			children = (
				55C1441C20B8495E00E82ECD /* Base */,
			);
			name = Main.storyboard;
			sourceTree = "<group>";
		};
		55C1442020B8495F00E82ECD /* LaunchScreen.storyboard */ = {
			isa = PBXVariantGroup;
			children = (
				55C1442120B8495F00E82ECD /* Base */,
			);
			name = LaunchScreen.storyboard;
			sourceTree = "<group>";
		};
/* End PBXVariantGroup section */

/* Begin XCBuildConfiguration section */
		55C1442620B8495F00E82ECD /* Debug */ = {
			isa = XCBuildConfiguration;
			buildSettings = {
				ALWAYS_SEARCH_USER_PATHS = NO;
				CLANG_ANALYZER_NONNULL = YES;
				CLANG_ANALYZER_NUMBER_OBJECT_CONVERSION = YES_AGGRESSIVE;
				CLANG_CXX_LANGUAGE_STANDARD = "gnu++14";
				CLANG_CXX_LIBRARY = "libc++";
				CLANG_ENABLE_MODULES = YES;
				CLANG_ENABLE_OBJC_ARC = YES;
				CLANG_ENABLE_OBJC_WEAK = YES;
				CLANG_WARN_BLOCK_CAPTURE_AUTORELEASING = YES;
				CLANG_WARN_BOOL_CONVERSION = YES;
				CLANG_WARN_COMMA = YES;
				CLANG_WARN_CONSTANT_CONVERSION = YES;
				CLANG_WARN_DEPRECATED_OBJC_IMPLEMENTATIONS = YES;
				CLANG_WARN_DIRECT_OBJC_ISA_USAGE = YES_ERROR;
				CLANG_WARN_DOCUMENTATION_COMMENTS = YES;
				CLANG_WARN_EMPTY_BODY = YES;
				CLANG_WARN_ENUM_CONVERSION = YES;
				CLANG_WARN_INFINITE_RECURSION = YES;
				CLANG_WARN_INT_CONVERSION = YES;
				CLANG_WARN_NON_LITERAL_NULL_CONVERSION = YES;
				CLANG_WARN_OBJC_IMPLICIT_RETAIN_SELF = YES;
				CLANG_WARN_OBJC_LITERAL_CONVERSION = YES;
				CLANG_WARN_OBJC_ROOT_CLASS = YES_ERROR;
				CLANG_WARN_RANGE_LOOP_ANALYSIS = YES;
				CLANG_WARN_STRICT_PROTOTYPES = YES;
				CLANG_WARN_SUSPICIOUS_MOVE = YES;
				CLANG_WARN_UNGUARDED_AVAILABILITY = YES_AGGRESSIVE;
				CLANG_WARN_UNREACHABLE_CODE = YES;
				CLANG_WARN__DUPLICATE_METHOD_MATCH = YES;
				CODE_SIGN_IDENTITY = "iPhone Developer";
				COPY_PHASE_STRIP = NO;
				DEBUG_INFORMATION_FORMAT = dwarf;
				ENABLE_STRICT_OBJC_MSGSEND = YES;
				ENABLE_TESTABILITY = YES;
				GCC_C_LANGUAGE_STANDARD = gnu11;
				GCC_DYNAMIC_NO_PIC = NO;
				GCC_NO_COMMON_BLOCKS = YES;
				GCC_OPTIMIZATION_LEVEL = 0;
				GCC_PREPROCESSOR_DEFINITIONS = (
					"DEBUG=1",
					"$(inherited)",
				);
				GCC_WARN_64_TO_32_BIT_CONVERSION = YES;
				GCC_WARN_ABOUT_RETURN_TYPE = YES_ERROR;
				GCC_WARN_UNDECLARED_SELECTOR = YES;
				GCC_WARN_UNINITIALIZED_AUTOS = YES_AGGRESSIVE;
				GCC_WARN_UNUSED_FUNCTION = YES;
				GCC_WARN_UNUSED_VARIABLE = YES;
				IPHONEOS_DEPLOYMENT_TARGET = 11.3;
				MTL_ENABLE_DEBUG_INFO = YES;
				ONLY_ACTIVE_ARCH = YES;
				SDKROOT = iphoneos;
			};
			name = Debug;
		};
		55C1442720B8495F00E82ECD /* Release */ = {
			isa = XCBuildConfiguration;
			buildSettings = {
				ALWAYS_SEARCH_USER_PATHS = NO;
				CLANG_ANALYZER_NONNULL = YES;
				CLANG_ANALYZER_NUMBER_OBJECT_CONVERSION = YES_AGGRESSIVE;
				CLANG_CXX_LANGUAGE_STANDARD = "gnu++14";
				CLANG_CXX_LIBRARY = "libc++";
				CLANG_ENABLE_MODULES = YES;
				CLANG_ENABLE_OBJC_ARC = YES;
				CLANG_ENABLE_OBJC_WEAK = YES;
				CLANG_WARN_BLOCK_CAPTURE_AUTORELEASING = YES;
				CLANG_WARN_BOOL_CONVERSION = YES;
				CLANG_WARN_COMMA = YES;
				CLANG_WARN_CONSTANT_CONVERSION = YES;
				CLANG_WARN_DEPRECATED_OBJC_IMPLEMENTATIONS = YES;
				CLANG_WARN_DIRECT_OBJC_ISA_USAGE = YES_ERROR;
				CLANG_WARN_DOCUMENTATION_COMMENTS = YES;
				CLANG_WARN_EMPTY_BODY = YES;
				CLANG_WARN_ENUM_CONVERSION = YES;
				CLANG_WARN_INFINITE_RECURSION = YES;
				CLANG_WARN_INT_CONVERSION = YES;
				CLANG_WARN_NON_LITERAL_NULL_CONVERSION = YES;
				CLANG_WARN_OBJC_IMPLICIT_RETAIN_SELF = YES;
				CLANG_WARN_OBJC_LITERAL_CONVERSION = YES;
				CLANG_WARN_OBJC_ROOT_CLASS = YES_ERROR;
				CLANG_WARN_RANGE_LOOP_ANALYSIS = YES;
				CLANG_WARN_STRICT_PROTOTYPES = YES;
				CLANG_WARN_SUSPICIOUS_MOVE = YES;
				CLANG_WARN_UNGUARDED_AVAILABILITY = YES_AGGRESSIVE;
				CLANG_WARN_UNREACHABLE_CODE = YES;
				CLANG_WARN__DUPLICATE_METHOD_MATCH = YES;
				CODE_SIGN_IDENTITY = "iPhone Developer";
				COPY_PHASE_STRIP = NO;
				DEBUG_INFORMATION_FORMAT = "dwarf-with-dsym";
				ENABLE_NS_ASSERTIONS = NO;
				ENABLE_STRICT_OBJC_MSGSEND = YES;
				GCC_C_LANGUAGE_STANDARD = gnu11;
				GCC_NO_COMMON_BLOCKS = YES;
				GCC_WARN_64_TO_32_BIT_CONVERSION = YES;
				GCC_WARN_ABOUT_RETURN_TYPE = YES_ERROR;
				GCC_WARN_UNDECLARED_SELECTOR = YES;
				GCC_WARN_UNINITIALIZED_AUTOS = YES_AGGRESSIVE;
				GCC_WARN_UNUSED_FUNCTION = YES;
				GCC_WARN_UNUSED_VARIABLE = YES;
				IPHONEOS_DEPLOYMENT_TARGET = 11.3;
				MTL_ENABLE_DEBUG_INFO = NO;
				SDKROOT = iphoneos;
				VALIDATE_PRODUCT = YES;
			};
			name = Release;
		};
		55C1442920B8495F00E82ECD /* Debug */ = {
			isa = XCBuildConfiguration;
			buildSettings = {
				ASSETCATALOG_COMPILER_APPICON_NAME = AppIcon;
				CODE_SIGN_STYLE = Automatic;
				DEVELOPMENT_TEAM = D3D7B5BPEZ;
				INFOPLIST_FILE = CustomActivityIndicator/Info.plist;
				LD_RUNPATH_SEARCH_PATHS = (
					"$(inherited)",
					"@executable_path/Frameworks",
				);
				PRODUCT_BUNDLE_IDENTIFIER = com.HighTreeDevelopment.CustomActivityIndicator;
				PRODUCT_NAME = "$(TARGET_NAME)";
				TARGETED_DEVICE_FAMILY = "1,2";
			};
			name = Debug;
		};
		55C1442A20B8495F00E82ECD /* Release */ = {
			isa = XCBuildConfiguration;
			buildSettings = {
				ASSETCATALOG_COMPILER_APPICON_NAME = AppIcon;
				CODE_SIGN_STYLE = Automatic;
				DEVELOPMENT_TEAM = D3D7B5BPEZ;
				INFOPLIST_FILE = CustomActivityIndicator/Info.plist;
				LD_RUNPATH_SEARCH_PATHS = (
					"$(inherited)",
					"@executable_path/Frameworks",
				);
				PRODUCT_BUNDLE_IDENTIFIER = com.HighTreeDevelopment.CustomActivityIndicator;
				PRODUCT_NAME = "$(TARGET_NAME)";
				TARGETED_DEVICE_FAMILY = "1,2";
			};
			name = Release;
		};
/* End XCBuildConfiguration section */

/* Begin XCConfigurationList section */
		55C1440D20B8495E00E82ECD /* Build configuration list for PBXProject "CustomActivityIndicator" */ = {
			isa = XCConfigurationList;
			buildConfigurations = (
				55C1442620B8495F00E82ECD /* Debug */,
				55C1442720B8495F00E82ECD /* Release */,
			);
			defaultConfigurationIsVisible = 0;
			defaultConfigurationName = Release;
		};
		55C1442820B8495F00E82ECD /* Build configuration list for PBXNativeTarget "CustomActivityIndicator" */ = {
			isa = XCConfigurationList;
			buildConfigurations = (
				55C1442920B8495F00E82ECD /* Debug */,
				55C1442A20B8495F00E82ECD /* Release */,
			);
			defaultConfigurationIsVisible = 0;
			defaultConfigurationName = Release;
		};
/* End XCConfigurationList section */
	};
	rootObject = 55C1440A20B8495E00E82ECD /* Project object */;
}
